
Microsoft Visual Studio Solution File, Format Version 12.00
# Visual Studio Version 17
VisualStudioVersion = 17.2.32630.192
MinimumVisualStudioVersion = 10.0.40219.1
Project("{9A19103F-16F7-4668-BE54-9A1E7A4F7556}") = "R5T.T0228.Construction", "R5T.T0228.Construction\R5T.T0228.Construction.csproj", "{6097B561-D3B0-4DB3-94DE-D9DC2056CEC7}"
EndProject
Project("{9A19103F-16F7-4668-BE54-9A1E7A4F7556}") = "R5T.T0228", "R5T.T0228\R5T.T0228.csproj", "{E82FC880-6842-4F2E-8179-E758582E8C7D}"
EndProject
Project("{2150E333-8FDC-42A3-9474-1A3956D46DE8}") = "_Dependencies", "_Dependencies", "{6EAD0B0E-ADBC-4783-BB28-C7E8CF1E3DB3}"
EndProject
Project("{9A19103F-16F7-4668-BE54-9A1E7A4F7556}") = "R5T.T0132", "..\..\R5T.T0132\source\R5T.T0132\R5T.T0132.csproj", "{98F82419-BE15-4CA9-973B-8AC6DC65BA15}"
EndProject
Project("{9A19103F-16F7-4668-BE54-9A1E7A4F7556}") = "R5T.T0143", "..\..\R5T.T0143\source\R5T.T0143\R5T.T0143.csproj", "{6F2793B1-278A-434A-81A0-D2C29584ADC8}"
EndProject
Project("{9A19103F-16F7-4668-BE54-9A1E7A4F7556}") = "R5T.T0178", "..\..\R5T.T0178\source\R5T.T0178\R5T.T0178.csproj", "{97ACE76F-684D-4106-B13E-65BC44E1D05D}"
EndProject
Project("{9A19103F-16F7-4668-BE54-9A1E7A4F7556}") = "R5T.T0179", "..\..\R5T.T0179\source\R5T.T0179\R5T.T0179.csproj", "{AA2B87AD-EE76-4907-AD97-B46A6388E99D}"
EndProject
Global
	GlobalSection(NestedProjects) = preSolution
		{98F82419-BE15-4CA9-973B-8AC6DC65BA15} = {6EAD0B0E-ADBC-4783-BB28-C7E8CF1E3DB3}
		{6F2793B1-278A-434A-81A0-D2C29584ADC8} = {6EAD0B0E-ADBC-4783-BB28-C7E8CF1E3DB3}
		{97ACE76F-684D-4106-B13E-65BC44E1D05D} = {6EAD0B0E-ADBC-4783-BB28-C7E8CF1E3DB3}
		{AA2B87AD-EE76-4907-AD97-B46A6388E99D} = {6EAD0B0E-ADBC-4783-BB28-C7E8CF1E3DB3}
	EndGlobalSection
	GlobalSection(SolutionConfigurationPlatforms) = preSolution
		Debug|Any CPU = Debug|Any CPU
		Release|Any CPU = Release|Any CPU
	EndGlobalSection
	GlobalSection(ProjectConfigurationPlatforms) = postSolution
		{6097B561-D3B0-4DB3-94DE-D9DC2056CEC7}.Debug|Any CPU.ActiveCfg = Debug|Any CPU
		{6097B561-D3B0-4DB3-94DE-D9DC2056CEC7}.Debug|Any CPU.Build.0 = Debug|Any CPU
		{6097B561-D3B0-4DB3-94DE-D9DC2056CEC7}.Release|Any CPU.ActiveCfg = Release|Any CPU
		{6097B561-D3B0-4DB3-94DE-D9DC2056CEC7}.Release|Any CPU.Build.0 = Release|Any CPU
		{E82FC880-6842-4F2E-8179-E758582E8C7D}.Debug|Any CPU.ActiveCfg = Debug|Any CPU
		{E82FC880-6842-4F2E-8179-E758582E8C7D}.Debug|Any CPU.Build.0 = Debug|Any CPU
		{E82FC880-6842-4F2E-8179-E758582E8C7D}.Release|Any CPU.ActiveCfg = Release|Any CPU
		{E82FC880-6842-4F2E-8179-E758582E8C7D}.Release|Any CPU.Build.0 = Release|Any CPU
		{98F82419-BE15-4CA9-973B-8AC6DC65BA15}.Debug|Any CPU.ActiveCfg = Debug|Any CPU
		{98F82419-BE15-4CA9-973B-8AC6DC65BA15}.Debug|Any CPU.Build.0 = Debug|Any CPU
		{98F82419-BE15-4CA9-973B-8AC6DC65BA15}.Release|Any CPU.ActiveCfg = Release|Any CPU
		{98F82419-BE15-4CA9-973B-8AC6DC65BA15}.Release|Any CPU.Build.0 = Release|Any CPU
		{6F2793B1-278A-434A-81A0-D2C29584ADC8}.Debug|Any CPU.ActiveCfg = Debug|Any CPU
		{6F2793B1-278A-434A-81A0-D2C29584ADC8}.Debug|Any CPU.Build.0 = Debug|Any CPU
		{6F2793B1-278A-434A-81A0-D2C29584ADC8}.Release|Any CPU.ActiveCfg = Release|Any CPU
		{6F2793B1-278A-434A-81A0-D2C29584ADC8}.Release|Any CPU.Build.0 = Release|Any CPU
		{97ACE76F-684D-4106-B13E-65BC44E1D05D}.Debug|Any CPU.ActiveCfg = Debug|Any CPU
		{97ACE76F-684D-4106-B13E-65BC44E1D05D}.Debug|Any CPU.Build.0 = Debug|Any CPU
		{97ACE76F-684D-4106-B13E-65BC44E1D05D}.Release|Any CPU.ActiveCfg = Release|Any CPU
		{97ACE76F-684D-4106-B13E-65BC44E1D05D}.Release|Any CPU.Build.0 = Release|Any CPU
		{AA2B87AD-EE76-4907-AD97-B46A6388E99D}.Debug|Any CPU.ActiveCfg = Debug|Any CPU
		{AA2B87AD-EE76-4907-AD97-B46A6388E99D}.Debug|Any CPU.Build.0 = Debug|Any CPU
		{AA2B87AD-EE76-4907-AD97-B46A6388E99D}.Release|Any CPU.ActiveCfg = Release|Any CPU
		{AA2B87AD-EE76-4907-AD97-B46A6388E99D}.Release|Any CPU.Build.0 = Release|Any CPU
	EndGlobalSection
	GlobalSection(SolutionProperties) = preSolution
		HideSolutionNode = FALSE
	EndGlobalSection
	GlobalSection(ExtensibilityGlobals) = postSolution
		SolutionGuid = {625C0B45-DEBC-4A7D-84CA-79B326D4868C}
	EndGlobalSection
EndGlobal
