
Microsoft Visual Studio Solution File, Format Version 12.00
# Visual Studio Version 17
VisualStudioVersion = 17.2.32630.192
MinimumVisualStudioVersion = 10.0.40219.1
Project("{9A19103F-16F7-4668-BE54-9A1E7A4F7556}") = "R5T.T0228", "R5T.T0228\R5T.T0228.csproj", "{3C958952-24AF-420F-814C-52414DB4DCDD}"
EndProject
Project("{2150E333-8FDC-42A3-9474-1A3956D46DE8}") = "_Dependencies", "_Dependencies", "{42BB1D9A-3779-43BC-830C-271B1F4D0646}"
EndProject
Project("{9A19103F-16F7-4668-BE54-9A1E7A4F7556}") = "R5T.T0132", "..\..\R5T.T0132\source\R5T.T0132\R5T.T0132.csproj", "{5C9119D9-EFE5-4A0A-A881-ED31A3932E52}"
EndProject
Project("{9A19103F-16F7-4668-BE54-9A1E7A4F7556}") = "R5T.T0143", "..\..\R5T.T0143\source\R5T.T0143\R5T.T0143.csproj", "{14E47201-37A3-4480-AE72-3E700FC89A16}"
EndProject
Project("{9A19103F-16F7-4668-BE54-9A1E7A4F7556}") = "R5T.T0178", "..\..\R5T.T0178\source\R5T.T0178\R5T.T0178.csproj", "{8907EF87-F803-433E-83D3-E68C8E0835B9}"
EndProject
Project("{9A19103F-16F7-4668-BE54-9A1E7A4F7556}") = "R5T.T0179", "..\..\R5T.T0179\source\R5T.T0179\R5T.T0179.csproj", "{E08AA002-6B11-478C-9F8C-A016A895689B}"
EndProject
Global
	GlobalSection(NestedProjects) = preSolution
		{5C9119D9-EFE5-4A0A-A881-ED31A3932E52} = {42BB1D9A-3779-43BC-830C-271B1F4D0646}
		{14E47201-37A3-4480-AE72-3E700FC89A16} = {42BB1D9A-3779-43BC-830C-271B1F4D0646}
		{8907EF87-F803-433E-83D3-E68C8E0835B9} = {42BB1D9A-3779-43BC-830C-271B1F4D0646}
		{E08AA002-6B11-478C-9F8C-A016A895689B} = {42BB1D9A-3779-43BC-830C-271B1F4D0646}
	EndGlobalSection
	GlobalSection(SolutionConfigurationPlatforms) = preSolution
		Debug|Any CPU = Debug|Any CPU
		Release|Any CPU = Release|Any CPU
	EndGlobalSection
	GlobalSection(ProjectConfigurationPlatforms) = postSolution
		{3C958952-24AF-420F-814C-52414DB4DCDD}.Debug|Any CPU.ActiveCfg = Debug|Any CPU
		{3C958952-24AF-420F-814C-52414DB4DCDD}.Debug|Any CPU.Build.0 = Debug|Any CPU
		{3C958952-24AF-420F-814C-52414DB4DCDD}.Release|Any CPU.ActiveCfg = Release|Any CPU
		{3C958952-24AF-420F-814C-52414DB4DCDD}.Release|Any CPU.Build.0 = Release|Any CPU
		{5C9119D9-EFE5-4A0A-A881-ED31A3932E52}.Debug|Any CPU.ActiveCfg = Debug|Any CPU
		{5C9119D9-EFE5-4A0A-A881-ED31A3932E52}.Debug|Any CPU.Build.0 = Debug|Any CPU
		{5C9119D9-EFE5-4A0A-A881-ED31A3932E52}.Release|Any CPU.ActiveCfg = Release|Any CPU
		{5C9119D9-EFE5-4A0A-A881-ED31A3932E52}.Release|Any CPU.Build.0 = Release|Any CPU
		{14E47201-37A3-4480-AE72-3E700FC89A16}.Debug|Any CPU.ActiveCfg = Debug|Any CPU
		{14E47201-37A3-4480-AE72-3E700FC89A16}.Debug|Any CPU.Build.0 = Debug|Any CPU
		{14E47201-37A3-4480-AE72-3E700FC89A16}.Release|Any CPU.ActiveCfg = Release|Any CPU
		{14E47201-37A3-4480-AE72-3E700FC89A16}.Release|Any CPU.Build.0 = Release|Any CPU
		{8907EF87-F803-433E-83D3-E68C8E0835B9}.Debug|Any CPU.ActiveCfg = Debug|Any CPU
		{8907EF87-F803-433E-83D3-E68C8E0835B9}.Debug|Any CPU.Build.0 = Debug|Any CPU
		{8907EF87-F803-433E-83D3-E68C8E0835B9}.Release|Any CPU.ActiveCfg = Release|Any CPU
		{8907EF87-F803-433E-83D3-E68C8E0835B9}.Release|Any CPU.Build.0 = Release|Any CPU
		{E08AA002-6B11-478C-9F8C-A016A895689B}.Debug|Any CPU.ActiveCfg = Debug|Any CPU
		{E08AA002-6B11-478C-9F8C-A016A895689B}.Debug|Any CPU.Build.0 = Debug|Any CPU
		{E08AA002-6B11-478C-9F8C-A016A895689B}.Release|Any CPU.ActiveCfg = Release|Any CPU
		{E08AA002-6B11-478C-9F8C-A016A895689B}.Release|Any CPU.Build.0 = Release|Any CPU
	EndGlobalSection
	GlobalSection(SolutionProperties) = preSolution
		HideSolutionNode = FALSE
	EndGlobalSection
	GlobalSection(ExtensibilityGlobals) = postSolution
		SolutionGuid = {79624617-0AAA-4AC8-AB9A-9E4234DE5CAB}
	EndGlobalSection
EndGlobal
